# この digest は ghcr.io/ruruthegeek/ubsleepy-next:40e5009cf34050ecba380f4c4d1ea9402ba79b47
# （main のマージコミット）を GitHub Actions がビルドしたもの。
# イメージを更新するときは、新しいコミットの digest へ書き換えて再配備する。
services:
  bot:
    image: ghcr.io/ruruthegeek/ubsleepy-next@sha256:73dc883811fb3e05fadd60afddcca0051528d9bf03ce2ea9f41c7aa5ee28afa6
