{
  "services": {
    "cron": {
      "image": "nextcloud@sha256:9ed3924f92f651aab622b23557b3f3dbcf04f7678567f50a41dbace2463c0a52"
    },
    "kavita": {
      "image": "ghcr.io/kareadita/kavita@sha256:31181a32f0dda73cae68721867028a7253d57881b58bea5754cd9e578e75421a"
    },
    "navidrome": {
      "image": "deluan/navidrome@sha256:9012939114fbb1bb641b81cf96dec5ded15f0aafefe8d47a511d7cb919658e40"
    },
    "nextcloud": {
      "image": "nextcloud@sha256:9ed3924f92f651aab622b23557b3f3dbcf04f7678567f50a41dbace2463c0a52"
    },
    "postgres": {
      "image": "postgres@sha256:18cfe3ef5e6815560c98237d6216d1e5119702fb0f3894c8785dd58b8bbe5d73"
    },
    "redis": {
      "image": "redis@sha256:ff02b58f971e7d7d156a1267e283fcbbeee91773b6aa36c49dac28ecfe28eadf"
    },
    "vaultwarden": {
      "image": "vaultwarden/server@sha256:094b5689ed81549bd293418395c7cf495ae9d960fc2d4928cef2083ef913d912"
    }
  }
}
